<?xml version="1.0" encoding="utf-8"?>
<Project ToolsVersion="4.0" xmlns="http://schemas.microsoft.com/developer/msbuild/2003">
  <ItemGroup>
    <Filter Include="Textures">
      <UniqueIdentifier>{ecf4bc46-19b3-460e-ab2c-53ec269d1f97}</UniqueIdentifier>
    </Filter>
    <Filter Include="Shaders">
      <UniqueIdentifier>{67DA6AB6-F800-4c08-8B7A-83BB121AAD01}</UniqueIdentifier>
      <Extensions>rc;ico;cur;bmp;dlg;rc2;rct;bin;rgs;gif;jpg;jpeg;jpe;resx;tiff;tif;png;wav;mfcribbon-ms</Extensions>
    </Filter>
    <Filter Include="External Files">
      <UniqueIdentifier>{860fd044-2e56-4d1d-9b14-08c4d293292e}</UniqueIdentifier>
    </Filter>
    <Filter Include="Source Files">
      <UniqueIdentifier>{4FC737F1-C7A5-4376-A066-2A32D752A2FF}</UniqueIdentifier>
      <Extensions>cpp;c;cc;cxx;c++;cppm;ixx;def;odl;idl;hpj;bat;asm;asmx</Extensions>
    </Filter>
    <Filter Include="Header Files">
      <UniqueIdentifier>{93995380-89BD-4b04-88EB-625FBE52EBFB}</UniqueIdentifier>
      <Extensions>h;hh;hpp;hxx;h++;hm;inl;inc;ipp;xsd</Extensions>
    </Filter>
    <Filter Include="Models">
      <UniqueIdentifier>{f9312190-e0d8-4de3-a8a5-6ac4baee0dcb}</UniqueIdentifier>
    </Filter>
    <Filter Include="imgui">
      <UniqueIdentifier>{1a70b08b-c868-41e1-b55d-30d69d4185a9}</UniqueIdentifier>
    </Filter>
    <Filter Include="Window">
      <UniqueIdentifier>{38655d6c-283c-4ef9-bde4-ea6442ee787b}</UniqueIdentifier>
    </Filter>
    <Filter Include="Camera">
      <UniqueIdentifier>{0e2be86a-d575-4306-b1b6-ca21a0f0e0f0}</UniqueIdentifier>
    </Filter>
    <Filter Include="Utility">
      <UniqueIdentifier>{33db58b4-b47f-497f-a6ae-25ec9fb2f7ca}</UniqueIdentifier>
    </Filter>
    <Filter Include="View">
      <UniqueIdentifier>{99509c9c-2700-4d27-b6b9-935e0fc06ee8}</UniqueIdentifier>
    </Filter>
  </ItemGroup>
  <ItemGroup>
    <ClCompile Include="main.cpp">
      <Filter>Source Files</Filter>
    </ClCompile>
    <ClCompile Include="Utils.cpp">
      <Filter>Source Files</Filter>
    </ClCompile>
    <ClCompile Include="glad.c">
      <Filter>External Files</Filter>
    </ClCompile>
    <ClCompile Include="SimpleObject.cpp">
      <Filter>Models</Filter>
    </ClCompile>
    <ClCompile Include="SmoothObject.cpp">
      <Filter>Models</Filter>
    </ClCompile>
    <ClCompile Include="Engine.cpp">
      <Filter>View</Filter>
    </ClCompile>
    <ClCompile Include="Shader.cpp">
      <Filter>View</Filter>
    </ClCompile>
    <ClCompile Include="Scene.cpp">
      <Filter>View</Filter>
    </ClCompile>
    <ClCompile Include="LightSource.cpp">
      <Filter>Models</Filter>
    </ClCompile>
    <ClCompile Include="imgui\imgui.cpp">
      <Filter>imgui</Filter>
    </ClCompile>
    <ClCompile Include="imgui\imgui_demo.cpp">
      <Filter>imgui</Filter>
    </ClCompile>
    <ClCompile Include="imgui\imgui_draw.cpp">
      <Filter>imgui</Filter>
    </ClCompile>
    <ClCompile Include="imgui\imgui_impl_glfw.cpp">
      <Filter>imgui</Filter>
    </ClCompile>
    <ClCompile Include="imgui\imgui_impl_opengl3.cpp">
      <Filter>imgui</Filter>
    </ClCompile>
    <ClCompile Include="imgui\imgui_tables.cpp">
      <Filter>imgui</Filter>
    </ClCompile>
    <ClCompile Include="imgui\imgui_widgets.cpp">
      <Filter>imgui</Filter>
    </ClCompile>
    <ClCompile Include="Window.cpp">
      <Filter>Window</Filter>
    </ClCompile>
    <ClCompile Include="Camera.cpp">
      <Filter>Camera</Filter>
    </ClCompile>
    <ClCompile Include="FreeCamera.cpp">
      <Filter>Camera</Filter>
    </ClCompile>
    <ClCompile Include="StaticCamera.cpp">
      <Filter>Camera</Filter>
    </ClCompile>
    <ClCompile Include="Model.cpp">
      <Filter>Models</Filter>
    </ClCompile>
    <ClCompile Include="Mesh.cpp">
      <Filter>Models</Filter>
    </ClCompile>
    <ClCompile Include="VBO.cpp">
      <Filter>Utility</Filter>
    </ClCompile>
    <ClCompile Include="VAO.cpp">
      <Filter>Utility</Filter>
    </ClCompile>
    <ClCompile Include="EBO.cpp">
      <Filter>Utility</Filter>
    </ClCompile>
    <ClCompile Include="FollowingCamera.cpp">
      <Filter>Camera</Filter>
    </ClCompile>
    <ClCompile Include="ThirdPersonCamera.cpp">
      <Filter>Camera</Filter>
    </ClCompile>
  </ItemGroup>
  <ItemGroup>
    <ClInclude Include="Utils.hpp">
      <Filter>Header Files</Filter>
    </ClInclude>
    <ClInclude Include="glad.h">
      <Filter>External Files</Filter>
    </ClInclude>
    <ClInclude Include="stb_image.h">
      <Filter>External Files</Filter>
    </ClInclude>
    <ClInclude Include="khrplatform.h">
      <Filter>External Files</Filter>
    </ClInclude>
    <ClInclude Include="SmoothObject.hpp">
      <Filter>Models</Filter>
    </ClInclude>
    <ClInclude Include="SimpleObject.hpp">
      <Filter>Models</Filter>
    </ClInclude>
    <ClInclude Include="Object.hpp">
      <Filter>Models</Filter>
    </ClInclude>
    <ClInclude Include="Engine.hpp">
      <Filter>View</Filter>
    </ClInclude>
    <ClInclude Include="Shader.hpp">
      <Filter>View</Filter>
    </ClInclude>
    <ClInclude Include="Scene.hpp">
      <Filter>View</Filter>
    </ClInclude>
    <ClInclude Include="LightSource.hpp">
      <Filter>Models</Filter>
    </ClInclude>
    <ClInclude Include="imgui\imconfig.h">
      <Filter>imgui</Filter>
    </ClInclude>
    <ClInclude Include="imgui\imgui.h">
      <Filter>imgui</Filter>
    </ClInclude>
    <ClInclude Include="imgui\imgui_impl_glfw.h">
      <Filter>imgui</Filter>
    </ClInclude>
    <ClInclude Include="imgui\imgui_impl_opengl3.h">
      <Filter>imgui</Filter>
    </ClInclude>
    <ClInclude Include="imgui\imgui_impl_opengl3_loader.h">
      <Filter>imgui</Filter>
    </ClInclude>
    <ClInclude Include="imgui\imgui_internal.h">
      <Filter>imgui</Filter>
    </ClInclude>
    <ClInclude Include="imgui\imstb_rectpack.h">
      <Filter>imgui</Filter>
    </ClInclude>
    <ClInclude Include="imgui\imstb_textedit.h">
      <Filter>imgui</Filter>
    </ClInclude>
    <ClInclude Include="imgui\imstb_truetype.h">
      <Filter>imgui</Filter>
    </ClInclude>
    <ClInclude Include="Window.hpp">
      <Filter>Window</Filter>
    </ClInclude>
    <ClInclude Include="Camera.hpp">
      <Filter>Camera</Filter>
    </ClInclude>
    <ClInclude Include="FreeCamera.hpp">
      <Filter>Camera</Filter>
    </ClInclude>
    <ClInclude Include="StaticCamera.hpp">
      <Filter>Camera</Filter>
    </ClInclude>
    <ClInclude Include="Model.hpp">
      <Filter>Models</Filter>
    </ClInclude>
    <ClInclude Include="Mesh.hpp">
      <Filter>Models</Filter>
    </ClInclude>
    <ClInclude Include="VBO.hpp">
      <Filter>Utility</Filter>
    </ClInclude>
    <ClInclude Include="VAO.hpp">
      <Filter>Utility</Filter>
    </ClInclude>
    <ClInclude Include="EBO.hpp">
      <Filter>Utility</Filter>
    </ClInclude>
    <ClInclude Include="State.hpp">
      <Filter>Utility</Filter>
    </ClInclude>
    <ClInclude Include="FollowingCamera.hpp">
      <Filter>Camera</Filter>
    </ClInclude>
    <ClInclude Include="ThirdPersonCamera.hpp">
      <Filter>Camera</Filter>
    </ClInclude>
  </ItemGroup>
  <ItemGroup>
    <None Include="simple_vertex.glsl">
      <Filter>Shaders</Filter>
    </None>
    <None Include="simple_fragment.glsl">
      <Filter>Shaders</Filter>
    </None>
    <None Include="light_vertex.glsl">
      <Filter>Shaders</Filter>
    </None>
    <None Include="light_fragment.glsl">
      <Filter>Shaders</Filter>
    </None>
    <None Include="model_vertex.glsl">
      <Filter>Shaders</Filter>
    </None>
    <None Include="model_fragment.glsl">
      <Filter>Shaders</Filter>
    </None>
  </ItemGroup>
  <ItemGroup>
    <Image Include="container.jpg">
      <Filter>Textures</Filter>
    </Image>
    <Image Include="wall.jpg">
      <Filter>Textures</Filter>
    </Image>
  </ItemGroup>
</Project>